
Microsoft Visual Studio Solution File, Format Version 12.00
# Visual Studio Express 2012 for Web
Project("{F184B08F-C81C-45F6-A57F-5ABD9991F28F}") = "visao_geral", "visao_geral\visao_geral.vbproj", "{098E2156-D4CB-486C-9998-09CC199E2B10}"
EndProject
Global
	GlobalSection(SolutionConfigurationPlatforms) = preSolution
		Debug|Any CPU = Debug|Any CPU
		Release|Any CPU = Release|Any CPU
	EndGlobalSection
	GlobalSection(ProjectConfigurationPlatforms) = postSolution
		{098E2156-D4CB-486C-9998-09CC199E2B10}.Debug|Any CPU.ActiveCfg = Debug|Any CPU
		{098E2156-D4CB-486C-9998-09CC199E2B10}.Debug|Any CPU.Build.0 = Debug|Any CPU
		{098E2156-D4CB-486C-9998-09CC199E2B10}.Release|Any CPU.ActiveCfg = Release|Any CPU
		{098E2156-D4CB-486C-9998-09CC199E2B10}.Release|Any CPU.Build.0 = Release|Any CPU
	EndGlobalSection
	GlobalSection(SolutionProperties) = preSolution
		HideSolutionNode = FALSE
	EndGlobalSection
EndGlobal
